
Microsoft Visual Studio Solution File, Format Version 12.00
# Visual Studio Version 17
VisualStudioVersion = 17.3.32819.101
MinimumVisualStudioVersion = 10.0.40219.1
Project("{9A19103F-16F7-4668-BE54-9A1E7A4F7556}") = "lab", "lab.csproj", "{934A68A0-3552-4BE9-86F8-5B29CE747A55}"
EndProject
Global
	GlobalSection(SolutionConfigurationPlatforms) = preSolution
		Debug|Any CPU = Debug|Any CPU
		Release|Any CPU = Release|Any CPU
	EndGlobalSection
	GlobalSection(ProjectConfigurationPlatforms) = postSolution
		{934A68A0-3552-4BE9-86F8-5B29CE747A55}.Debug|Any CPU.ActiveCfg = Debug|Any CPU
		{934A68A0-3552-4BE9-86F8-5B29CE747A55}.Debug|Any CPU.Build.0 = Debug|Any CPU
		{934A68A0-3552-4BE9-86F8-5B29CE747A55}.Release|Any CPU.ActiveCfg = Release|Any CPU
		{934A68A0-3552-4BE9-86F8-5B29CE747A55}.Release|Any CPU.Build.0 = Release|Any CPU
	EndGlobalSection
	GlobalSection(SolutionProperties) = preSolution
		HideSolutionNode = FALSE
	EndGlobalSection
	GlobalSection(ExtensibilityGlobals) = postSolution
		SolutionGuid = {B76C6811-3AB6-4303-964E-9B45BC5240E2}
	EndGlobalSection
EndGlobal
